
Microsoft Visual Studio Solution File, Format Version 12.00
# Visual Studio Version 17
VisualStudioVersion = 17.9.34728.123
MinimumVisualStudioVersion = 10.0.40219.1
Project("{FAE04EC0-301F-11D3-BF4B-00C04F79EFBC}") = "SQLITE lab3", "SQLITE lab3\SQLITE lab3.csproj", "{570F6072-FE14-4585-8904-179FB38D7B71}"
EndProject
Global
	GlobalSection(SolutionConfigurationPlatforms) = preSolution
		Debug|Any CPU = Debug|Any CPU
		Release|Any CPU = Release|Any CPU
	EndGlobalSection
	GlobalSection(ProjectConfigurationPlatforms) = postSolution
		{570F6072-FE14-4585-8904-179FB38D7B71}.Debug|Any CPU.ActiveCfg = Debug|Any CPU
		{570F6072-FE14-4585-8904-179FB38D7B71}.Debug|Any CPU.Build.0 = Debug|Any CPU
		{570F6072-FE14-4585-8904-179FB38D7B71}.Release|Any CPU.ActiveCfg = Release|Any CPU
		{570F6072-FE14-4585-8904-179FB38D7B71}.Release|Any CPU.Build.0 = Release|Any CPU
	EndGlobalSection
	GlobalSection(SolutionProperties) = preSolution
		HideSolutionNode = FALSE
	EndGlobalSection
	GlobalSection(ExtensibilityGlobals) = postSolution
		SolutionGuid = {F8402628-6915-45A2-A39A-018BEDA31441}
	EndGlobalSection
EndGlobal
